// !$*UTF8*$!
{
	archiveVersion = 1;
	classes = {
	};
	objectVersion = 56;
	objects = {

/* Begin PBXBuildFile section */
		B49827E82BA1A3990056FCF9 /* NavigationHappbit.swift in Sources */ = {isa = PBXBuildFile; fileRef = B49827E72BA1A3990056FCF9 /* NavigationHappbit.swift */; };
		B49827EC2BA1AE580056FCF9 /* HabitListView.swift in Sources */ = {isa = PBXBuildFile; fileRef = B49827EB2BA1AE580056FCF9 /* HabitListView.swift */; };
		B4AD45512B987A92006EB59D /* Habit.swift in Sources */ = {isa = PBXBuildFile; fileRef = B4AD45502B987A92006EB59D /* Habit.swift */; };
		B4AD45532B987C30006EB59D /* HabitViewModel.swift in Sources */ = {isa = PBXBuildFile; fileRef = B4AD45522B987C30006EB59D /* HabitViewModel.swift */; };
		B4AD45552B9881EF006EB59D /* History.swift in Sources */ = {isa = PBXBuildFile; fileRef = B4AD45542B9881EF006EB59D /* History.swift */; };
		B4AD45572B9882A7006EB59D /* HistoryViewModel.swift in Sources */ = {isa = PBXBuildFile; fileRef = B4AD45562B9882A7006EB59D /* HistoryViewModel.swift */; };
		C05BA73B2B9878EF00E72371 /* HappbitApp.swift in Sources */ = {isa = PBXBuildFile; fileRef = C05BA73A2B9878EF00E72371 /* HappbitApp.swift */; };
		C05BA73D2B9878EF00E72371 /* ContentView.swift in Sources */ = {isa = PBXBuildFile; fileRef = C05BA73C2B9878EF00E72371 /* ContentView.swift */; };
		C05BA73F2B9878F000E72371 /* Assets.xcassets in Resources */ = {isa = PBXBuildFile; fileRef = C05BA73E2B9878F000E72371 /* Assets.xcassets */; };
		C05BA7422B9878F000E72371 /* Preview Assets.xcassets in Resources */ = {isa = PBXBuildFile; fileRef = C05BA7412B9878F000E72371 /* Preview Assets.xcassets */; };
		C05BA74C2BA1AAA200E72371 /* AddHabitView.swift in Sources */ = {isa = PBXBuildFile; fileRef = C05BA74B2BA1AAA200E72371 /* AddHabitView.swift */; };
/* End PBXBuildFile section */

/* Begin PBXFileReference section */
		B49827E72BA1A3990056FCF9 /* NavigationHappbit.swift */ = {isa = PBXFileReference; lastKnownFileType = sourcecode.swift; path = NavigationHappbit.swift; sourceTree = "<group>"; };
		B49827EB2BA1AE580056FCF9 /* HabitListView.swift */ = {isa = PBXFileReference; lastKnownFileType = sourcecode.swift; path = HabitListView.swift; sourceTree = "<group>"; };
		B4AD45502B987A92006EB59D /* Habit.swift */ = {isa = PBXFileReference; lastKnownFileType = sourcecode.swift; path = Habit.swift; sourceTree = "<group>"; };
		B4AD45522B987C30006EB59D /* HabitViewModel.swift */ = {isa = PBXFileReference; lastKnownFileType = sourcecode.swift; path = HabitViewModel.swift; sourceTree = "<group>"; };
		B4AD45542B9881EF006EB59D /* History.swift */ = {isa = PBXFileReference; lastKnownFileType = sourcecode.swift; path = History.swift; sourceTree = "<group>"; };
		B4AD45562B9882A7006EB59D /* HistoryViewModel.swift */ = {isa = PBXFileReference; lastKnownFileType = sourcecode.swift; path = HistoryViewModel.swift; sourceTree = "<group>"; };
		C05BA7372B9878EF00E72371 /* Happbit.app */ = {isa = PBXFileReference; explicitFileType = wrapper.application; includeInIndex = 0; path = Happbit.app; sourceTree = BUILT_PRODUCTS_DIR; };
		C05BA73A2B9878EF00E72371 /* HappbitApp.swift */ = {isa = PBXFileReference; lastKnownFileType = sourcecode.swift; path = HappbitApp.swift; sourceTree = "<group>"; };
		C05BA73C2B9878EF00E72371 /* ContentView.swift */ = {isa = PBXFileReference; lastKnownFileType = sourcecode.swift; path = ContentView.swift; sourceTree = "<group>"; };
		C05BA73E2B9878F000E72371 /* Assets.xcassets */ = {isa = PBXFileReference; lastKnownFileType = folder.assetcatalog; path = Assets.xcassets; sourceTree = "<group>"; };
		C05BA7412B9878F000E72371 /* Preview Assets.xcassets */ = {isa = PBXFileReference; lastKnownFileType = folder.assetcatalog; path = "Preview Assets.xcassets"; sourceTree = "<group>"; };
		C05BA74B2BA1AAA200E72371 /* AddHabitView.swift */ = {isa = PBXFileReference; lastKnownFileType = sourcecode.swift; path = AddHabitView.swift; sourceTree = "<group>"; };
/* End PBXFileReference section */

/* Begin PBXFrameworksBuildPhase section */
		C05BA7342B9878EF00E72371 /* Frameworks */ = {
			isa = PBXFrameworksBuildPhase;
			buildActionMask = 2147483647;
			files = (
			);
			runOnlyForDeploymentPostprocessing = 0;
		};
/* End PBXFrameworksBuildPhase section */

/* Begin PBXGroup section */
		C05BA72E2B9878EF00E72371 = {
			isa = PBXGroup;
			children = (
				C05BA7392B9878EF00E72371 /* Happbit */,
				C05BA7382B9878EF00E72371 /* Products */,
			);
			sourceTree = "<group>";
		};
		C05BA7382B9878EF00E72371 /* Products */ = {
			isa = PBXGroup;
			children = (
				C05BA7372B9878EF00E72371 /* Happbit.app */,
			);
			name = Products;
			sourceTree = "<group>";
		};
		C05BA7392B9878EF00E72371 /* Happbit */ = {
			isa = PBXGroup;
			children = (
				C05BA7482B98790300E72371 /* Models */,
				C05BA74A2B98791B00E72371 /* Views */,
				C05BA7492B98790D00E72371 /* ViewModels */,
				C05BA73A2B9878EF00E72371 /* HappbitApp.swift */,
				C05BA73C2B9878EF00E72371 /* ContentView.swift */,
				C05BA73E2B9878F000E72371 /* Assets.xcassets */,
				C05BA7402B9878F000E72371 /* Preview Content */,
			);
			path = Happbit;
			sourceTree = "<group>";
		};
		C05BA7402B9878F000E72371 /* Preview Content */ = {
			isa = PBXGroup;
			children = (
				C05BA7412B9878F000E72371 /* Preview Assets.xcassets */,
			);
			path = "Preview Content";
			sourceTree = "<group>";
		};
		C05BA7482B98790300E72371 /* Models */ = {
			isa = PBXGroup;
			children = (
				B4AD45502B987A92006EB59D /* Habit.swift */,
				B4AD45542B9881EF006EB59D /* History.swift */,
			);
			path = Models;
			sourceTree = "<group>";
		};
		C05BA7492B98790D00E72371 /* ViewModels */ = {
			isa = PBXGroup;
			children = (
				B4AD45522B987C30006EB59D /* HabitViewModel.swift */,
				B4AD45562B9882A7006EB59D /* HistoryViewModel.swift */,
			);
			path = ViewModels;
			sourceTree = "<group>";
		};
		C05BA74A2B98791B00E72371 /* Views */ = {
			isa = PBXGroup;
			children = (
				B49827E72BA1A3990056FCF9 /* NavigationHappbit.swift */,
				C05BA74B2BA1AAA200E72371 /* AddHabitView.swift */,
				B49827EB2BA1AE580056FCF9 /* HabitListView.swift */,
			);
			path = Views;
			sourceTree = "<group>";
		};
/* End PBXGroup section */

/* Begin PBXNativeTarget section */
		C05BA7362B9878EF00E72371 /* Happbit */ = {
			isa = PBXNativeTarget;
			buildConfigurationList = C05BA7452B9878F000E72371 /* Build configuration list for PBXNativeTarget "Happbit" */;
			buildPhases = (
				C05BA7332B9878EF00E72371 /* Sources */,
				C05BA7342B9878EF00E72371 /* Frameworks */,
				C05BA7352B9878EF00E72371 /* Resources */,
			);
			buildRules = (
			);
			dependencies = (
			);
			name = Happbit;
			productName = Happbit;
			productReference = C05BA7372B9878EF00E72371 /* Happbit.app */;
			productType = "com.apple.product-type.application";
		};
/* End PBXNativeTarget section */

/* Begin PBXProject section */
		C05BA72F2B9878EF00E72371 /* Project object */ = {
			isa = PBXProject;
			attributes = {
				BuildIndependentTargetsInParallel = 1;
				LastSwiftUpdateCheck = 1430;
				LastUpgradeCheck = 1430;
				TargetAttributes = {
					C05BA7362B9878EF00E72371 = {
						CreatedOnToolsVersion = 14.3.1;
					};
				};
			};
			buildConfigurationList = C05BA7322B9878EF00E72371 /* Build configuration list for PBXProject "Happbit" */;
			compatibilityVersion = "Xcode 14.0";
			developmentRegion = en;
			hasScannedForEncodings = 0;
			knownRegions = (
				en,
				Base,
			);
			mainGroup = C05BA72E2B9878EF00E72371;
			productRefGroup = C05BA7382B9878EF00E72371 /* Products */;
			projectDirPath = "";
			projectRoot = "";
			targets = (
				C05BA7362B9878EF00E72371 /* Happbit */,
			);
		};
/* End PBXProject section */

/* Begin PBXResourcesBuildPhase section */
		C05BA7352B9878EF00E72371 /* Resources */ = {
			isa = PBXResourcesBuildPhase;
			buildActionMask = 2147483647;
			files = (
				C05BA7422B9878F000E72371 /* Preview Assets.xcassets in Resources */,
				C05BA73F2B9878F000E72371 /* Assets.xcassets in Resources */,
			);
			runOnlyForDeploymentPostprocessing = 0;
		};
/* End PBXResourcesBuildPhase section */

/* Begin PBXSourcesBuildPhase section */
		C05BA7332B9878EF00E72371 /* Sources */ = {
			isa = PBXSourcesBuildPhase;
			buildActionMask = 2147483647;
			files = (
				B49827EC2BA1AE580056FCF9 /* HabitListView.swift in Sources */,
				B4AD45512B987A92006EB59D /* Habit.swift in Sources */,
				C05BA74C2BA1AAA200E72371 /* AddHabitView.swift in Sources */,
				B4AD45572B9882A7006EB59D /* HistoryViewModel.swift in Sources */,
				C05BA73D2B9878EF00E72371 /* ContentView.swift in Sources */,
				B49827E82BA1A3990056FCF9 /* NavigationHappbit.swift in Sources */,
				C05BA73B2B9878EF00E72371 /* HappbitApp.swift in Sources */,
				B4AD45532B987C30006EB59D /* HabitViewModel.swift in Sources */,
				B4AD45552B9881EF006EB59D /* History.swift in Sources */,
			);
			runOnlyForDeploymentPostprocessing = 0;
		};
/* End PBXSourcesBuildPhase section */

/* Begin XCBuildConfiguration section */
		C05BA7432B9878F000E72371 /* Debug */ = {
			isa = XCBuildConfiguration;
			buildSettings = {
				ALWAYS_SEARCH_USER_PATHS = NO;
				CLANG_ANALYZER_NONNULL = YES;
				CLANG_ANALYZER_NUMBER_OBJECT_CONVERSION = YES_AGGRESSIVE;
				CLANG_CXX_LANGUAGE_STANDARD = "gnu++20";
				CLANG_ENABLE_MODULES = YES;
				CLANG_ENABLE_OBJC_ARC = YES;
				CLANG_ENABLE_OBJC_WEAK = YES;
				CLANG_WARN_BLOCK_CAPTURE_AUTORELEASING = YES;
				CLANG_WARN_BOOL_CONVERSION = YES;
				CLANG_WARN_COMMA = YES;
				CLANG_WARN_CONSTANT_CONVERSION = YES;
				CLANG_WARN_DEPRECATED_OBJC_IMPLEMENTATIONS = YES;
				CLANG_WARN_DIRECT_OBJC_ISA_USAGE = YES_ERROR;
				CLANG_WARN_DOCUMENTATION_COMMENTS = YES;
				CLANG_WARN_EMPTY_BODY = YES;
				CLANG_WARN_ENUM_CONVERSION = YES;
				CLANG_WARN_INFINITE_RECURSION = YES;
				CLANG_WARN_INT_CONVERSION = YES;
				CLANG_WARN_NON_LITERAL_NULL_CONVERSION = YES;
				CLANG_WARN_OBJC_IMPLICIT_RETAIN_SELF = YES;
				CLANG_WARN_OBJC_LITERAL_CONVERSION = YES;
				CLANG_WARN_OBJC_ROOT_CLASS = YES_ERROR;
				CLANG_WARN_QUOTED_INCLUDE_IN_FRAMEWORK_HEADER = YES;
				CLANG_WARN_RANGE_LOOP_ANALYSIS = YES;
				CLANG_WARN_STRICT_PROTOTYPES = YES;
				CLANG_WARN_SUSPICIOUS_MOVE = YES;
				CLANG_WARN_UNGUARDED_AVAILABILITY = YES_AGGRESSIVE;
				CLANG_WARN_UNREACHABLE_CODE = YES;
				CLANG_WARN__DUPLICATE_METHOD_MATCH = YES;
				COPY_PHASE_STRIP = NO;
				DEBUG_INFORMATION_FORMAT = dwarf;
				ENABLE_STRICT_OBJC_MSGSEND = YES;
				ENABLE_TESTABILITY = YES;
				GCC_C_LANGUAGE_STANDARD = gnu11;
				GCC_DYNAMIC_NO_PIC = NO;
				GCC_NO_COMMON_BLOCKS = YES;
				GCC_OPTIMIZATION_LEVEL = 0;
				GCC_PREPROCESSOR_DEFINITIONS = (
					"DEBUG=1",
					"$(inherited)",
				);
				GCC_WARN_64_TO_32_BIT_CONVERSION = YES;
				GCC_WARN_ABOUT_RETURN_TYPE = YES_ERROR;
				GCC_WARN_UNDECLARED_SELECTOR = YES;
				GCC_WARN_UNINITIALIZED_AUTOS = YES_AGGRESSIVE;
				GCC_WARN_UNUSED_FUNCTION = YES;
				GCC_WARN_UNUSED_VARIABLE = YES;
				IPHONEOS_DEPLOYMENT_TARGET = 16.4;
				MTL_ENABLE_DEBUG_INFO = INCLUDE_SOURCE;
				MTL_FAST_MATH = YES;
				ONLY_ACTIVE_ARCH = YES;
				SDKROOT = iphoneos;
				SWIFT_ACTIVE_COMPILATION_CONDITIONS = DEBUG;
				SWIFT_OPTIMIZATION_LEVEL = "-Onone";
			};
			name = Debug;
		};
		C05BA7442B9878F000E72371 /* Release */ = {
			isa = XCBuildConfiguration;
			buildSettings = {
				ALWAYS_SEARCH_USER_PATHS = NO;
				CLANG_ANALYZER_NONNULL = YES;
				CLANG_ANALYZER_NUMBER_OBJECT_CONVERSION = YES_AGGRESSIVE;
				CLANG_CXX_LANGUAGE_STANDARD = "gnu++20";
				CLANG_ENABLE_MODULES = YES;
				CLANG_ENABLE_OBJC_ARC = YES;
				CLANG_ENABLE_OBJC_WEAK = YES;
				CLANG_WARN_BLOCK_CAPTURE_AUTORELEASING = YES;
				CLANG_WARN_BOOL_CONVERSION = YES;
				CLANG_WARN_COMMA = YES;
				CLANG_WARN_CONSTANT_CONVERSION = YES;
				CLANG_WARN_DEPRECATED_OBJC_IMPLEMENTATIONS = YES;
				CLANG_WARN_DIRECT_OBJC_ISA_USAGE = YES_ERROR;
				CLANG_WARN_DOCUMENTATION_COMMENTS = YES;
				CLANG_WARN_EMPTY_BODY = YES;
				CLANG_WARN_ENUM_CONVERSION = YES;
				CLANG_WARN_INFINITE_RECURSION = YES;
				CLANG_WARN_INT_CONVERSION = YES;
				CLANG_WARN_NON_LITERAL_NULL_CONVERSION = YES;
				CLANG_WARN_OBJC_IMPLICIT_RETAIN_SELF = YES;
				CLANG_WARN_OBJC_LITERAL_CONVERSION = YES;
				CLANG_WARN_OBJC_ROOT_CLASS = YES_ERROR;
				CLANG_WARN_QUOTED_INCLUDE_IN_FRAMEWORK_HEADER = YES;
				CLANG_WARN_RANGE_LOOP_ANALYSIS = YES;
				CLANG_WARN_STRICT_PROTOTYPES = YES;
				CLANG_WARN_SUSPICIOUS_MOVE = YES;
				CLANG_WARN_UNGUARDED_AVAILABILITY = YES_AGGRESSIVE;
				CLANG_WARN_UNREACHABLE_CODE = YES;
				CLANG_WARN__DUPLICATE_METHOD_MATCH = YES;
				COPY_PHASE_STRIP = NO;
				DEBUG_INFORMATION_FORMAT = "dwarf-with-dsym";
				ENABLE_NS_ASSERTIONS = NO;
				ENABLE_STRICT_OBJC_MSGSEND = YES;
				GCC_C_LANGUAGE_STANDARD = gnu11;
				GCC_NO_COMMON_BLOCKS = YES;
				GCC_WARN_64_TO_32_BIT_CONVERSION = YES;
				GCC_WARN_ABOUT_RETURN_TYPE = YES_ERROR;
				GCC_WARN_UNDECLARED_SELECTOR = YES;
				GCC_WARN_UNINITIALIZED_AUTOS = YES_AGGRESSIVE;
				GCC_WARN_UNUSED_FUNCTION = YES;
				GCC_WARN_UNUSED_VARIABLE = YES;
				IPHONEOS_DEPLOYMENT_TARGET = 16.4;
				MTL_ENABLE_DEBUG_INFO = NO;
				MTL_FAST_MATH = YES;
				SDKROOT = iphoneos;
				SWIFT_COMPILATION_MODE = wholemodule;
				SWIFT_OPTIMIZATION_LEVEL = "-O";
				VALIDATE_PRODUCT = YES;
			};
			name = Release;
		};
		C05BA7462B9878F000E72371 /* Debug */ = {
			isa = XCBuildConfiguration;
			buildSettings = {
				ASSETCATALOG_COMPILER_APPICON_NAME = AppIcon;
				ASSETCATALOG_COMPILER_GLOBAL_ACCENT_COLOR_NAME = AccentColor;
				CODE_SIGN_STYLE = Automatic;
				CURRENT_PROJECT_VERSION = 1;
				DEVELOPMENT_ASSET_PATHS = "\"Happbit/Preview Content\"";
				ENABLE_PREVIEWS = YES;
				GENERATE_INFOPLIST_FILE = YES;
				INFOPLIST_KEY_UIApplicationSceneManifest_Generation = YES;
				INFOPLIST_KEY_UIApplicationSupportsIndirectInputEvents = YES;
				INFOPLIST_KEY_UILaunchScreen_Generation = YES;
				INFOPLIST_KEY_UISupportedInterfaceOrientations_iPad = "UIInterfaceOrientationPortrait UIInterfaceOrientationPortraitUpsideDown UIInterfaceOrientationLandscapeLeft UIInterfaceOrientationLandscapeRight";
				INFOPLIST_KEY_UISupportedInterfaceOrientations_iPhone = "UIInterfaceOrientationPortrait UIInterfaceOrientationLandscapeLeft UIInterfaceOrientationLandscapeRight";
				LD_RUNPATH_SEARCH_PATHS = (
					"$(inherited)",
					"@executable_path/Frameworks",
				);
				MARKETING_VERSION = 1.0;
				PRODUCT_BUNDLE_IDENTIFIER = toto.Happbit;
				PRODUCT_NAME = "$(TARGET_NAME)";
				SWIFT_EMIT_LOC_STRINGS = YES;
				SWIFT_VERSION = 5.0;
				TARGETED_DEVICE_FAMILY = "1,2";
			};
			name = Debug;
		};
		C05BA7472B9878F000E72371 /* Release */ = {
			isa = XCBuildConfiguration;
			buildSettings = {
				ASSETCATALOG_COMPILER_APPICON_NAME = AppIcon;
				ASSETCATALOG_COMPILER_GLOBAL_ACCENT_COLOR_NAME = AccentColor;
				CODE_SIGN_STYLE = Automatic;
				CURRENT_PROJECT_VERSION = 1;
				DEVELOPMENT_ASSET_PATHS = "\"Happbit/Preview Content\"";
				ENABLE_PREVIEWS = YES;
				GENERATE_INFOPLIST_FILE = YES;
				INFOPLIST_KEY_UIApplicationSceneManifest_Generation = YES;
				INFOPLIST_KEY_UIApplicationSupportsIndirectInputEvents = YES;
				INFOPLIST_KEY_UILaunchScreen_Generation = YES;
				INFOPLIST_KEY_UISupportedInterfaceOrientations_iPad = "UIInterfaceOrientationPortrait UIInterfaceOrientationPortraitUpsideDown UIInterfaceOrientationLandscapeLeft UIInterfaceOrientationLandscapeRight";
				INFOPLIST_KEY_UISupportedInterfaceOrientations_iPhone = "UIInterfaceOrientationPortrait UIInterfaceOrientationLandscapeLeft UIInterfaceOrientationLandscapeRight";
				LD_RUNPATH_SEARCH_PATHS = (
					"$(inherited)",
					"@executable_path/Frameworks",
				);
				MARKETING_VERSION = 1.0;
				PRODUCT_BUNDLE_IDENTIFIER = toto.Happbit;
				PRODUCT_NAME = "$(TARGET_NAME)";
				SWIFT_EMIT_LOC_STRINGS = YES;
				SWIFT_VERSION = 5.0;
				TARGETED_DEVICE_FAMILY = "1,2";
			};
			name = Release;
		};
/* End XCBuildConfiguration section */

/* Begin XCConfigurationList section */
		C05BA7322B9878EF00E72371 /* Build configuration list for PBXProject "Happbit" */ = {
			isa = XCConfigurationList;
			buildConfigurations = (
				C05BA7432B9878F000E72371 /* Debug */,
				C05BA7442B9878F000E72371 /* Release */,
			);
			defaultConfigurationIsVisible = 0;
			defaultConfigurationName = Release;
		};
		C05BA7452B9878F000E72371 /* Build configuration list for PBXNativeTarget "Happbit" */ = {
			isa = XCConfigurationList;
			buildConfigurations = (
				C05BA7462B9878F000E72371 /* Debug */,
				C05BA7472B9878F000E72371 /* Release */,
			);
			defaultConfigurationIsVisible = 0;
			defaultConfigurationName = Release;
		};
/* End XCConfigurationList section */
	};
	rootObject = C05BA72F2B9878EF00E72371 /* Project object */;
}
